
Microsoft Visual Studio Solution File, Format Version 12.00
# Visual Studio 2013
VisualStudioVersion = 12.0.31101.0
MinimumVisualStudioVersion = 10.0.40219.1
Project("{FAE04EC0-301F-11D3-BF4B-00C04F79EFBC}") = "Fissoft.EntityFramework.Fts", "Fissoft.EntityFramework.Fts\Fissoft.EntityFramework.Fts.csproj", "{CA78ED3B-B128-4C04-ADB3-BF60F20E4C27}"
EndProject
Global
	GlobalSection(SolutionConfigurationPlatforms) = preSolution
		Debug|Any CPU = Debug|Any CPU
		Release|Any CPU = Release|Any CPU
	EndGlobalSection
	GlobalSection(ProjectConfigurationPlatforms) = postSolution
		{CA78ED3B-B128-4C04-ADB3-BF60F20E4C27}.Debug|Any CPU.ActiveCfg = Debug|Any CPU
		{CA78ED3B-B128-4C04-ADB3-BF60F20E4C27}.Debug|Any CPU.Build.0 = Debug|Any CPU
		{CA78ED3B-B128-4C04-ADB3-BF60F20E4C27}.Release|Any CPU.ActiveCfg = Release|Any CPU
		{CA78ED3B-B128-4C04-ADB3-BF60F20E4C27}.Release|Any CPU.Build.0 = Release|Any CPU
	EndGlobalSection
	GlobalSection(SolutionProperties) = preSolution
		HideSolutionNode = FALSE
	EndGlobalSection
EndGlobal
